
Microsoft Visual Studio Solution File, Format Version 12.00
# Visual Studio 14
VisualStudioVersion = 14.0.25420.1
MinimumVisualStudioVersion = 10.0.40219.1
Project("{2150E333-8FDC-42A3-9474-1A3956D46DE8}") = "src", "src", "{FF757B7E-26B5-4A09-A0B1-3D9F2CF02C56}"
EndProject
Project("{2150E333-8FDC-42A3-9474-1A3956D46DE8}") = "tests", "tests", "{A01CAD60-9808-4718-9C07-4E1417CBD220}"
EndProject
Project("{8BB2217D-0F2D-49D1-97BC-3654ED321F3B}") = "ProtobufGenerator.Tests", "test\ProtobufGenerator.Tests\ProtobufGenerator.Tests.xproj", "{43EBC190-C6B8-44CD-AD2A-E0DA72BE5DE1}"
EndProject
Project("{8BB2217D-0F2D-49D1-97BC-3654ED321F3B}") = "ProtobufGenerator", "src\ProtobufGenerator\ProtobufGenerator.xproj", "{BF6EB16A-FE8B-444C-AB5D-272D1AAD69F1}"
EndProject
Project("{8BB2217D-0F2D-49D1-97BC-3654ED321F3B}") = "ProtobufCompiler", "src\ProtobufCompiler\ProtobufCompiler.xproj", "{444BF722-C826-40DF-AA94-8CDE4EBE5FAA}"
EndProject
Project("{8BB2217D-0F2D-49D1-97BC-3654ED321F3B}") = "ProtobufCompiler.Tests", "test\ProtobufCompiler.Tests\ProtobufCompiler.Tests.xproj", "{F356389D-2141-4F52-A107-94F42D06A95B}"
EndProject
Project("{2150E333-8FDC-42A3-9474-1A3956D46DE8}") = "docs", "docs", "{945E3090-38F7-44F7-A613-94F3C3A03330}"
	ProjectSection(SolutionItems) = preProject
		docs\Proto3Specification.txt = docs\Proto3Specification.txt
		docs\ProtoReference.txt = docs\ProtoReference.txt
	EndProjectSection
EndProject
Project("{2150E333-8FDC-42A3-9474-1A3956D46DE8}") = "Solution Items", "Solution Items", "{8189137A-3DC1-4EE0-AC05-E9FF9072DA3C}"
	ProjectSection(SolutionItems) = preProject
		global.json = global.json
	EndProjectSection
EndProject
Project("{2150E333-8FDC-42A3-9474-1A3956D46DE8}") = "sample", "sample", "{DF29AB3C-93DA-4CED-9AF4-81E8D110C26C}"
EndProject
Project("{8BB2217D-0F2D-49D1-97BC-3654ED321F3B}") = "ProtobufGenerator.Console", "sample\ProtobufGenerator.Console\ProtobufGenerator.Console.xproj", "{343CACF1-2733-4574-ADB8-CCE2CE4BAAC7}"
EndProject
Global
	GlobalSection(SolutionConfigurationPlatforms) = preSolution
		Debug|Any CPU = Debug|Any CPU
		Release|Any CPU = Release|Any CPU
	EndGlobalSection
	GlobalSection(ProjectConfigurationPlatforms) = postSolution
		{43EBC190-C6B8-44CD-AD2A-E0DA72BE5DE1}.Debug|Any CPU.ActiveCfg = Debug|Any CPU
		{43EBC190-C6B8-44CD-AD2A-E0DA72BE5DE1}.Debug|Any CPU.Build.0 = Debug|Any CPU
		{43EBC190-C6B8-44CD-AD2A-E0DA72BE5DE1}.Release|Any CPU.ActiveCfg = Release|Any CPU
		{43EBC190-C6B8-44CD-AD2A-E0DA72BE5DE1}.Release|Any CPU.Build.0 = Release|Any CPU
		{BF6EB16A-FE8B-444C-AB5D-272D1AAD69F1}.Debug|Any CPU.ActiveCfg = Debug|Any CPU
		{BF6EB16A-FE8B-444C-AB5D-272D1AAD69F1}.Debug|Any CPU.Build.0 = Debug|Any CPU
		{BF6EB16A-FE8B-444C-AB5D-272D1AAD69F1}.Release|Any CPU.ActiveCfg = Release|Any CPU
		{BF6EB16A-FE8B-444C-AB5D-272D1AAD69F1}.Release|Any CPU.Build.0 = Release|Any CPU
		{444BF722-C826-40DF-AA94-8CDE4EBE5FAA}.Debug|Any CPU.ActiveCfg = Debug|Any CPU
		{444BF722-C826-40DF-AA94-8CDE4EBE5FAA}.Debug|Any CPU.Build.0 = Debug|Any CPU
		{444BF722-C826-40DF-AA94-8CDE4EBE5FAA}.Release|Any CPU.ActiveCfg = Release|Any CPU
		{444BF722-C826-40DF-AA94-8CDE4EBE5FAA}.Release|Any CPU.Build.0 = Release|Any CPU
		{F356389D-2141-4F52-A107-94F42D06A95B}.Debug|Any CPU.ActiveCfg = Debug|Any CPU
		{F356389D-2141-4F52-A107-94F42D06A95B}.Debug|Any CPU.Build.0 = Debug|Any CPU
		{F356389D-2141-4F52-A107-94F42D06A95B}.Release|Any CPU.ActiveCfg = Release|Any CPU
		{F356389D-2141-4F52-A107-94F42D06A95B}.Release|Any CPU.Build.0 = Release|Any CPU
		{343CACF1-2733-4574-ADB8-CCE2CE4BAAC7}.Debug|Any CPU.ActiveCfg = Debug|Any CPU
		{343CACF1-2733-4574-ADB8-CCE2CE4BAAC7}.Debug|Any CPU.Build.0 = Debug|Any CPU
		{343CACF1-2733-4574-ADB8-CCE2CE4BAAC7}.Release|Any CPU.ActiveCfg = Release|Any CPU
		{343CACF1-2733-4574-ADB8-CCE2CE4BAAC7}.Release|Any CPU.Build.0 = Release|Any CPU
	EndGlobalSection
	GlobalSection(SolutionProperties) = preSolution
		HideSolutionNode = FALSE
	EndGlobalSection
	GlobalSection(NestedProjects) = preSolution
		{43EBC190-C6B8-44CD-AD2A-E0DA72BE5DE1} = {A01CAD60-9808-4718-9C07-4E1417CBD220}
		{BF6EB16A-FE8B-444C-AB5D-272D1AAD69F1} = {FF757B7E-26B5-4A09-A0B1-3D9F2CF02C56}
		{444BF722-C826-40DF-AA94-8CDE4EBE5FAA} = {FF757B7E-26B5-4A09-A0B1-3D9F2CF02C56}
		{F356389D-2141-4F52-A107-94F42D06A95B} = {A01CAD60-9808-4718-9C07-4E1417CBD220}
		{343CACF1-2733-4574-ADB8-CCE2CE4BAAC7} = {DF29AB3C-93DA-4CED-9AF4-81E8D110C26C}
	EndGlobalSection
EndGlobal
